
Microsoft Visual Studio Solution File, Format Version 12.00
# Visual Studio Version 17
VisualStudioVersion = 17.3.32922.545
MinimumVisualStudioVersion = 10.0.40219.1
Project("{FAE04EC0-301F-11D3-BF4B-00C04F79EFBC}") = "MT.Base", "MT.Base\MT.Base.csproj", "{7984B220-BC62-4A4C-B757-9B56F3D33A1D}"
EndProject
Global
	GlobalSection(SolutionConfigurationPlatforms) = preSolution
		Debug|Any CPU = Debug|Any CPU
		Release|Any CPU = Release|Any CPU
	EndGlobalSection
	GlobalSection(ProjectConfigurationPlatforms) = postSolution
		{7984B220-BC62-4A4C-B757-9B56F3D33A1D}.Debug|Any CPU.ActiveCfg = Debug|Any CPU
		{7984B220-BC62-4A4C-B757-9B56F3D33A1D}.Debug|Any CPU.Build.0 = Debug|Any CPU
		{7984B220-BC62-4A4C-B757-9B56F3D33A1D}.Release|Any CPU.ActiveCfg = Release|Any CPU
		{7984B220-BC62-4A4C-B757-9B56F3D33A1D}.Release|Any CPU.Build.0 = Release|Any CPU
	EndGlobalSection
	GlobalSection(SolutionProperties) = preSolution
		HideSolutionNode = FALSE
	EndGlobalSection
	GlobalSection(ExtensibilityGlobals) = postSolution
		SolutionGuid = {8E857510-FB77-4135-A5BB-1EC0956AEDDD}
	EndGlobalSection
EndGlobal
